PODS:
  - Capacitor (8.0.1):
    - CapacitorCordova
  - CapacitorBarcodeScanner (3.0.1):
    - Capacitor
    - OSBarcodeLib (= 2.0.1)
  - CapacitorCordova (8.0.1)
  - OSBarcodeLib (2.0.1)

DEPENDENCIES:
  - "Capacitor (from `../../../node_modules/.pnpm/@capacitor+ios@8.0.1_@capacitor+core@8.0.1/node_modules/@capacitor/ios`)"
  - CapacitorBarcodeScanner (from `../../../plugin`)
  - "CapacitorCordova (from `../../../node_modules/.pnpm/@capacitor+ios@8.0.1_@capacitor+core@8.0.1/node_modules/@capacitor/ios`)"

SPEC REPOS:
  trunk:
    - OSBarcodeLib

EXTERNAL SOURCES:
  Capacitor:
    :path: "../../../node_modules/.pnpm/@capacitor+ios@8.0.1_@capacitor+core@8.0.1/node_modules/@capacitor/ios"
  CapacitorBarcodeScanner:
    :path: "../../../plugin"
  CapacitorCordova:
    :path: "../../../node_modules/.pnpm/@capacitor+ios@8.0.1_@capacitor+core@8.0.1/node_modules/@capacitor/ios"

SPEC CHECKSUMS:
  Capacitor: ff35b0f66370b84aa238251b35b91886a3207c16
  CapacitorBarcodeScanner: cbd24d561545a5a1ba7d5f4328a285d347718c52
  CapacitorCordova: 0d65b9bb74e995dcecb9463f34f1af2aba6f955c
  OSBarcodeLib: 57987d2eb1f916f701f4554e20e349b3cb83f023

PODFILE CHECKSUM: 14c0fad0cafc209c7493f28f045312d0d635a678

COCOAPODS: 1.16.2
