PODS:
  - Capacitor (9.0.0-alpha.6)
  - CapacitorBarcodeScanner (3.1.0):
    - Capacitor
    - OSBarcodeLib (= 2.2.0)
  - OSBarcodeLib (2.2.0)

DEPENDENCIES:
  - "Capacitor (from `../../../node_modules/.pnpm/@capacitor+ios@9.0.0-alpha.6_@capacitor+core@9.0.0-alpha.6/node_modules/@capacitor/ios`)"
  - CapacitorBarcodeScanner (from `../../../plugin`)

SPEC REPOS:
  trunk:
    - OSBarcodeLib

EXTERNAL SOURCES:
  Capacitor:
    :path: "../../../node_modules/.pnpm/@capacitor+ios@9.0.0-alpha.6_@capacitor+core@9.0.0-alpha.6/node_modules/@capacitor/ios"
  CapacitorBarcodeScanner:
    :path: "../../../plugin"

SPEC CHECKSUMS:
  Capacitor: b5cc4a2eadcd1184d4a581b4c631dd8ef7bb34b1
  CapacitorBarcodeScanner: 5cb620e3ea70073e3c5f608625900112dbba7907
  OSBarcodeLib: aa520d51576362d0dfea290b82653e31df1a6fc4

PODFILE CHECKSUM: 3658cb3c2413199fc8ba3d88dabe8a48a4e45ae3

COCOAPODS: 1.16.2
