{
  "originHash" : "e0e40201eccc31780939c27379a9cda46d94b03345f7ad157b1c494fb6c91819",
  "pins" : [
    {
      "identity" : "capacitor",
      "kind" : "remoteSourceControl",
      "location" : "https://github.com/ionic-team/capacitor.git",
      "state" : {
        "revision" : "9492c9fff96e51aa00eed837938eacae62140faa",
        "version" : "9.0.0-alpha.7"
      }
    },
    {
      "identity" : "osbarcodelib-ios",
      "kind" : "remoteSourceControl",
      "location" : "https://github.com/OutSystems/OSBarcodeLib-iOS.git",
      "state" : {
        "revision" : "c97a837b5faaca004b28c03c309a1578f2bd6c21",
        "version" : "3.0.0"
      }
    }
  ],
  "version" : 3
}
