{
  "originHash" : "a7d68a4c36dc33e074bb4082fe90b1c8df33b9dfd986066a70517a5f74458e2e",
  "pins" : [
    {
      "identity" : "capacitor-swift-pm",
      "kind" : "remoteSourceControl",
      "location" : "https://github.com/ionic-team/capacitor-swift-pm.git",
      "state" : {
        "revision" : "992959f0467c781eb6a1637e69d87481238c3672",
        "version" : "8.3.4"
      }
    },
    {
      "identity" : "osbarcodelib-ios",
      "kind" : "remoteSourceControl",
      "location" : "https://github.com/OutSystems/OSBarcodeLib-iOS.git",
      "state" : {
        "revision" : "c97a837b5faaca004b28c03c309a1578f2bd6c21",
        "version" : "3.0.0"
      }
    }
  ],
  "version" : 3
}
