{
  "originHash" : "a7d68a4c36dc33e074bb4082fe90b1c8df33b9dfd986066a70517a5f74458e2e",
  "pins" : [
    {
      "identity" : "capacitor-swift-pm",
      "kind" : "remoteSourceControl",
      "location" : "https://github.com/ionic-team/capacitor-swift-pm.git",
      "state" : {
        "revision" : "3e7ccfb8ab4d321ffcbd4e490234758e139f8a09",
        "version" : "8.0.1"
      }
    },
    {
      "identity" : "osbarcodelib-ios",
      "kind" : "remoteSourceControl",
      "location" : "https://github.com/OutSystems/OSBarcodeLib-iOS.git",
      "state" : {
        "branch" : "RMET-4952",
        "revision" : "e6f8e4e88995a5e657480289670bec7ea876c954"
      }
    }
  ],
  "version" : 3
}
